
Microsoft Visual Studio Solution File, Format Version 12.00
# Visual Studio Version 17
VisualStudioVersion = 17.14.36429.23
MinimumVisualStudioVersion = 10.0.40219.1
Project("{FAE04EC0-301F-11D3-BF4B-00C04F79EFBC}") = "TodoList", "TodoList\TodoList.csproj", "{7793F6CF-C3D2-42E0-94CF-271A8C262099}"
EndProject
Project("{FAE04EC0-301F-11D3-BF4B-00C04F79EFBC}") = "TodoList.Tests", "TodoList.Tests\TodoList.Tests.csproj", "{6B25906A-A48E-4C96-A06D-481772FB876E}"
EndProject
Global
	GlobalSection(SolutionConfigurationPlatforms) = preSolution
		Debug|Any CPU = Debug|Any CPU
		Debug|x64 = Debug|x64
		Debug|x86 = Debug|x86
		Release|Any CPU = Release|Any CPU
		Release|x64 = Release|x64
		Release|x86 = Release|x86
	EndGlobalSection
	GlobalSection(ProjectConfigurationPlatforms) = postSolution
		{7793F6CF-C3D2-42E0-94CF-271A8C262099}.Debug|Any CPU.ActiveCfg = Debug|Any CPU
		{7793F6CF-C3D2-42E0-94CF-271A8C262099}.Debug|Any CPU.Build.0 = Debug|Any CPU
		{7793F6CF-C3D2-42E0-94CF-271A8C262099}.Debug|x64.ActiveCfg = Debug|Any CPU
		{7793F6CF-C3D2-42E0-94CF-271A8C262099}.Debug|x64.Build.0 = Debug|Any CPU
		{7793F6CF-C3D2-42E0-94CF-271A8C262099}.Debug|x86.ActiveCfg = Debug|Any CPU
		{7793F6CF-C3D2-42E0-94CF-271A8C262099}.Debug|x86.Build.0 = Debug|Any CPU
		{7793F6CF-C3D2-42E0-94CF-271A8C262099}.Release|Any CPU.ActiveCfg = Release|Any CPU
		{7793F6CF-C3D2-42E0-94CF-271A8C262099}.Release|Any CPU.Build.0 = Release|Any CPU
		{7793F6CF-C3D2-42E0-94CF-271A8C262099}.Release|x64.ActiveCfg = Release|Any CPU
		{7793F6CF-C3D2-42E0-94CF-271A8C262099}.Release|x64.Build.0 = Release|Any CPU
		{7793F6CF-C3D2-42E0-94CF-271A8C262099}.Release|x86.ActiveCfg = Release|Any CPU
		{7793F6CF-C3D2-42E0-94CF-271A8C262099}.Release|x86.Build.0 = Release|Any CPU
		{6B25906A-A48E-4C96-A06D-481772FB876E}.Debug|Any CPU.ActiveCfg = Debug|Any CPU
		{6B25906A-A48E-4C96-A06D-481772FB876E}.Debug|Any CPU.Build.0 = Debug|Any CPU
		{6B25906A-A48E-4C96-A06D-481772FB876E}.Debug|x64.ActiveCfg = Debug|Any CPU
		{6B25906A-A48E-4C96-A06D-481772FB876E}.Debug|x64.Build.0 = Debug|Any CPU
		{6B25906A-A48E-4C96-A06D-481772FB876E}.Debug|x86.ActiveCfg = Debug|Any CPU
		{6B25906A-A48E-4C96-A06D-481772FB876E}.Debug|x86.Build.0 = Debug|Any CPU
		{6B25906A-A48E-4C96-A06D-481772FB876E}.Release|Any CPU.ActiveCfg = Release|Any CPU
		{6B25906A-A48E-4C96-A06D-481772FB876E}.Release|Any CPU.Build.0 = Release|Any CPU
		{6B25906A-A48E-4C96-A06D-481772FB876E}.Release|x64.ActiveCfg = Release|Any CPU
		{6B25906A-A48E-4C96-A06D-481772FB876E}.Release|x64.Build.0 = Release|Any CPU
		{6B25906A-A48E-4C96-A06D-481772FB876E}.Release|x86.ActiveCfg = Release|Any CPU
		{6B25906A-A48E-4C96-A06D-481772FB876E}.Release|x86.Build.0 = Release|Any CPU
	EndGlobalSection
	GlobalSection(SolutionProperties) = preSolution
		HideSolutionNode = FALSE
	EndGlobalSection
	GlobalSection(ExtensibilityGlobals) = postSolution
		SolutionGuid = {64C1DAB8-57F2-4D1B-A192-3451D7C65891}
	EndGlobalSection
EndGlobal
